
Microsoft Visual Studio Solution File, Format Version 12.00
# Visual Studio Version 17
VisualStudioVersion = 17.9.34728.123
MinimumVisualStudioVersion = 10.0.40219.1
Project("{9A19103F-16F7-4668-BE54-9A1E7A4F7556}") = "CurrencyProcessor", "CurrencyProcessor\CurrencyProcessor.csproj", "{483E976C-A1E0-40E6-9AE4-5EA87E26ADAF}"
EndProject
Global
	GlobalSection(SolutionConfigurationPlatforms) = preSolution
		Debug|Any CPU = Debug|Any CPU
		Release|Any CPU = Release|Any CPU
	EndGlobalSection
	GlobalSection(ProjectConfigurationPlatforms) = postSolution
		{483E976C-A1E0-40E6-9AE4-5EA87E26ADAF}.Debug|Any CPU.ActiveCfg = Debug|Any CPU
		{483E976C-A1E0-40E6-9AE4-5EA87E26ADAF}.Debug|Any CPU.Build.0 = Debug|Any CPU
		{483E976C-A1E0-40E6-9AE4-5EA87E26ADAF}.Release|Any CPU.ActiveCfg = Release|Any CPU
		{483E976C-A1E0-40E6-9AE4-5EA87E26ADAF}.Release|Any CPU.Build.0 = Release|Any CPU
	EndGlobalSection
	GlobalSection(SolutionProperties) = preSolution
		HideSolutionNode = FALSE
	EndGlobalSection
	GlobalSection(ExtensibilityGlobals) = postSolution
		SolutionGuid = {ACE6E38C-B039-47FC-A1D7-C1678E8C048B}
	EndGlobalSection
EndGlobal
